
Microsoft Visual Studio Solution File, Format Version 12.00
# Visual Studio Version 17
VisualStudioVersion = 17.1.32414.318
MinimumVisualStudioVersion = 10.0.40219.1
Project("{9A19103F-16F7-4668-BE54-9A1E7A4F7556}") = "BlazorMetas.Server", "BlazorMetas\Server\BlazorMetas.Server.csproj", "{312C8F75-183F-4D16-8BE4-CADE2636C082}"
EndProject
Project("{9A19103F-16F7-4668-BE54-9A1E7A4F7556}") = "BlazorMetas.Client", "BlazorMetas\Client\BlazorMetas.Client.csproj", "{50467877-7952-476B-BE4F-65266559BE2A}"
EndProject
Project("{9A19103F-16F7-4668-BE54-9A1E7A4F7556}") = "BlazorMetas.Shared", "BlazorMetas\Shared\BlazorMetas.Shared.csproj", "{87FD2BE9-048F-42A6-B510-923289582463}"
EndProject
Global
	GlobalSection(SolutionConfigurationPlatforms) = preSolution
		Debug|Any CPU = Debug|Any CPU
		Release|Any CPU = Release|Any CPU
	EndGlobalSection
	GlobalSection(ProjectConfigurationPlatforms) = postSolution
		{312C8F75-183F-4D16-8BE4-CADE2636C082}.Debug|Any CPU.ActiveCfg = Debug|Any CPU
		{312C8F75-183F-4D16-8BE4-CADE2636C082}.Debug|Any CPU.Build.0 = Debug|Any CPU
		{312C8F75-183F-4D16-8BE4-CADE2636C082}.Release|Any CPU.ActiveCfg = Release|Any CPU
		{312C8F75-183F-4D16-8BE4-CADE2636C082}.Release|Any CPU.Build.0 = Release|Any CPU
		{50467877-7952-476B-BE4F-65266559BE2A}.Debug|Any CPU.ActiveCfg = Debug|Any CPU
		{50467877-7952-476B-BE4F-65266559BE2A}.Debug|Any CPU.Build.0 = Debug|Any CPU
		{50467877-7952-476B-BE4F-65266559BE2A}.Release|Any CPU.ActiveCfg = Release|Any CPU
		{50467877-7952-476B-BE4F-65266559BE2A}.Release|Any CPU.Build.0 = Release|Any CPU
		{87FD2BE9-048F-42A6-B510-923289582463}.Debug|Any CPU.ActiveCfg = Debug|Any CPU
		{87FD2BE9-048F-42A6-B510-923289582463}.Debug|Any CPU.Build.0 = Debug|Any CPU
		{87FD2BE9-048F-42A6-B510-923289582463}.Release|Any CPU.ActiveCfg = Release|Any CPU
		{87FD2BE9-048F-42A6-B510-923289582463}.Release|Any CPU.Build.0 = Release|Any CPU
	EndGlobalSection
	GlobalSection(SolutionProperties) = preSolution
		HideSolutionNode = FALSE
	EndGlobalSection
	GlobalSection(ExtensibilityGlobals) = postSolution
		SolutionGuid = {FF026507-AF24-468A-98A8-7DF110F0A6F3}
	EndGlobalSection
EndGlobal
